version = 1
requires-python = ">=3.11"

[[package]]
name = "llvmlite"
version = "0.44.0"
source = { registry = "https://pypi.org/simple" }
sdist = { url = "https://files.pythonhosted.org/packages/89/6a/95a3d3610d5c75293d5dbbb2a76480d5d4eeba641557b69fe90af6c5b84e/llvmlite-0.44.0.tar.gz", hash = "sha256:07667d66a5d150abed9157ab6c0b9393c9356f229784a4385c02f99e94fc94d4", size = 171880 }
wheels = [
    { url = "https://files.pythonhosted.org/packages/b5/e2/86b245397052386595ad726f9742e5223d7aea999b18c518a50e96c3aca4/llvmlite-0.44.0-cp311-cp311-macosx_10_14_x86_64.whl", hash = "sha256:eed7d5f29136bda63b6d7804c279e2b72e08c952b7c5df61f45db408e0ee52f3", size = 28132305 },
    { url = "https://files.pythonhosted.org/packages/ff/ec/506902dc6870249fbe2466d9cf66d531265d0f3a1157213c8f986250c033/llvmlite-0.44.0-cp311-cp311-macosx_11_0_arm64.whl", hash = "sha256:ace564d9fa44bb91eb6e6d8e7754977783c68e90a471ea7ce913bff30bd62427", size = 26201090 },
    { url = "https://files.pythonhosted.org/packages/99/fe/d030f1849ebb1f394bb3f7adad5e729b634fb100515594aca25c354ffc62/llvmlite-0.44.0-cp311-cp311-manylinux_2_17_x86_64.manylinux2014_x86_64.whl", hash = "sha256:c5d22c3bfc842668168a786af4205ec8e3ad29fb1bc03fd11fd48460d0df64c1", size = 42361858 },
    { url = "https://files.pythonhosted.org/packages/d7/7a/ce6174664b9077fc673d172e4c888cb0b128e707e306bc33fff8c2035f0d/llvmlite-0.44.0-cp311-cp311-manylinux_2_27_aarch64.manylinux_2_28_aarch64.whl", hash = "sha256:f01a394e9c9b7b1d4e63c327b096d10f6f0ed149ef53d38a09b3749dcf8c9610", size = 41184200 },
    { url = "https://files.pythonhosted.org/packages/5f/c6/258801143975a6d09a373f2641237992496e15567b907a4d401839d671b8/llvmlite-0.44.0-cp311-cp311-win_amd64.whl", hash = "sha256:d8489634d43c20cd0ad71330dde1d5bc7b9966937a263ff1ec1cebb90dc50955", size = 30331193 },
    { url = "https://files.pythonhosted.org/packages/15/86/e3c3195b92e6e492458f16d233e58a1a812aa2bfbef9bdd0fbafcec85c60/llvmlite-0.44.0-cp312-cp312-macosx_10_14_x86_64.whl", hash = "sha256:1d671a56acf725bf1b531d5ef76b86660a5ab8ef19bb6a46064a705c6ca80aad", size = 28132297 },
    { url = "https://files.pythonhosted.org/packages/d6/53/373b6b8be67b9221d12b24125fd0ec56b1078b660eeae266ec388a6ac9a0/llvmlite-0.44.0-cp312-cp312-macosx_11_0_arm64.whl", hash = "sha256:5f79a728e0435493611c9f405168682bb75ffd1fbe6fc360733b850c80a026db", size = 26201105 },
    { url = "https://files.pythonhosted.org/packages/cb/da/8341fd3056419441286c8e26bf436923021005ece0bff5f41906476ae514/llvmlite-0.44.0-cp312-cp312-manylinux_2_17_x86_64.manylinux2014_x86_64.whl", hash = "sha256:c0143a5ef336da14deaa8ec26c5449ad5b6a2b564df82fcef4be040b9cacfea9", size = 42361901 },
    { url = "https://files.pythonhosted.org/packages/53/ad/d79349dc07b8a395a99153d7ce8b01d6fcdc9f8231355a5df55ded649b61/llvmlite-0.44.0-cp312-cp312-manylinux_2_27_aarch64.manylinux_2_28_aarch64.whl", hash = "sha256:d752f89e31b66db6f8da06df8b39f9b91e78c5feea1bf9e8c1fba1d1c24c065d", size = 41184247 },
    { url = "https://files.pythonhosted.org/packages/e2/3b/a9a17366af80127bd09decbe2a54d8974b6d8b274b39bf47fbaedeec6307/llvmlite-0.44.0-cp312-cp312-win_amd64.whl", hash = "sha256:eae7e2d4ca8f88f89d315b48c6b741dcb925d6a1042da694aa16ab3dd4cbd3a1", size = 30332380 },
    { url = "https://files.pythonhosted.org/packages/89/24/4c0ca705a717514c2092b18476e7a12c74d34d875e05e4d742618ebbf449/llvmlite-0.44.0-cp313-cp313-macosx_10_14_x86_64.whl", hash = "sha256:319bddd44e5f71ae2689859b7203080716448a3cd1128fb144fe5c055219d516", size = 28132306 },
    { url = "https://files.pythonhosted.org/packages/01/cf/1dd5a60ba6aee7122ab9243fd614abcf22f36b0437cbbe1ccf1e3391461c/llvmlite-0.44.0-cp313-cp313-macosx_11_0_arm64.whl", hash = "sha256:9c58867118bad04a0bb22a2e0068c693719658105e40009ffe95c7000fcde88e", size = 26201090 },
    { url = "https://files.pythonhosted.org/packages/d2/1b/656f5a357de7135a3777bd735cc7c9b8f23b4d37465505bd0eaf4be9befe/llvmlite-0.44.0-cp313-cp313-manylinux_2_17_x86_64.manylinux2014_x86_64.whl", hash = "sha256:46224058b13c96af1365290bdfebe9a6264ae62fb79b2b55693deed11657a8bf", size = 42361904 },
    { url = "https://files.pythonhosted.org/packages/d8/e1/12c5f20cb9168fb3464a34310411d5ad86e4163c8ff2d14a2b57e5cc6bac/llvmlite-0.44.0-cp313-cp313-manylinux_2_27_aarch64.manylinux_2_28_aarch64.whl", hash = "sha256:aa0097052c32bf721a4efc03bd109d335dfa57d9bffb3d4c24cc680711b8b4fc", size = 41184245 },
    { url = "https://files.pythonhosted.org/packages/d0/81/e66fc86539293282fd9cb7c9417438e897f369e79ffb62e1ae5e5154d4dd/llvmlite-0.44.0-cp313-cp313-win_amd64.whl", hash = "sha256:2fb7c4f2fb86cbae6dca3db9ab203eeea0e22d73b99bc2341cdf9de93612e930", size = 30331193 },
]

[[package]]
name = "numba"
version = "0.61.0"
source = { registry = "https://pypi.org/simple" }
dependencies = [
    { name = "llvmlite" },
    { name = "numpy" },
]
sdist = { url = "https://files.pythonhosted.org/packages/3c/88/c13a935f200fda51384411e49840a8e7f70c9cb1ee8d809dd0f2477cf7ef/numba-0.61.0.tar.gz", hash = "sha256:888d2e89b8160899e19591467e8fdd4970e07606e1fbc248f239c89818d5f925", size = 2816484 }
wheels = [
    { url = "https://files.pythonhosted.org/packages/63/8f/f983a7c859ccad73d3cc3f86fbba94f16e137cd1ee464631d61b624363b2/numba-0.61.0-cp311-cp311-macosx_10_14_x86_64.whl", hash = "sha256:bf64c2d0f3d161af603de3825172fb83c2600bcb1d53ae8ea568d4c53ba6ac08", size = 2768960 },
    { url = "https://files.pythonhosted.org/packages/be/1b/c33dc847d475d5b647b4ad5aefc38df7a72283763f4cda47745050375a81/numba-0.61.0-cp311-cp311-macosx_11_0_arm64.whl", hash = "sha256:de5aa7904741425f28e1028b85850b31f0a245e9eb4f7c38507fb893283a066c", size = 2771862 },
    { url = "https://files.pythonhosted.org/packages/14/91/18b9f64b34ff318a14d072251480547f89ebfb864b2b7168e5dc5f64f502/numba-0.61.0-cp311-cp311-manylinux2014_x86_64.manylinux_2_17_x86_64.whl", hash = "sha256:21c2fe25019267a608e2710a6a947f557486b4b0478b02e45a81cf606a05a7d4", size = 3825411 },
    { url = "https://files.pythonhosted.org/packages/f2/97/1a38030c2a331e273ace1de2b61988e33d80878fda8a5eedee0cd78399d3/numba-0.61.0-cp311-cp311-manylinux_2_28_aarch64.whl", hash = "sha256:74250b26ed6a1428763e774dc5b2d4e70d93f73795635b5412b8346a4d054574", size = 3519604 },
    { url = "https://files.pythonhosted.org/packages/df/a7/56f547de8fc197963f238fd62beb5f1d2cace047602d0577956bf6840970/numba-0.61.0-cp311-cp311-win_amd64.whl", hash = "sha256:b72bbc8708e98b3741ad0c63f9929c47b623cc4ee86e17030a4f3e301e8401ac", size = 2827642 },
    { url = "https://files.pythonhosted.org/packages/63/c9/c61881e7f2e253e745209f078bbd428ce23b6cf901f7d93afe166720ff95/numba-0.61.0-cp312-cp312-macosx_10_14_x86_64.whl", hash = "sha256:152146ecdbb8d8176f294e9f755411e6f270103a11c3ff50cecc413f794e52c8", size = 2769758 },
    { url = "https://files.pythonhosted.org/packages/e1/28/ddec0147a4933f86ceaca580aa9bb767d5632ecdb1ece6cfb3eab4ac78e5/numba-0.61.0-cp312-cp312-macosx_11_0_arm64.whl", hash = "sha256:5cafa6095716fcb081618c28a8d27bf7c001e09696f595b41836dec114be2905", size = 2772445 },
    { url = "https://files.pythonhosted.org/packages/18/74/6a9f0e6c76c088f8a6aa702eab31734068061dca5cc0f34e8bc1eb447de1/numba-0.61.0-cp312-cp312-manylinux2014_x86_64.manylinux_2_17_x86_64.whl", hash = "sha256:ffe9fe373ed30638d6e20a0269f817b2c75d447141f55a675bfcf2d1fe2e87fb", size = 3882115 },
    { url = "https://files.pythonhosted.org/packages/53/68/d7c31e53f08e6b4669c9b5a3cd7c5fb9097220c5ef388bc099ca8ab9749f/numba-0.61.0-cp312-cp312-manylinux_2_28_aarch64.whl", hash = "sha256:9f25f7fef0206d55c1cfb796ad833cbbc044e2884751e56e798351280038484c", size = 3573296 },
    { url = "https://files.pythonhosted.org/packages/94/4f/8357a99a14f331b865a42cb4756ae37da85599b9c95e01277ea10361e91a/numba-0.61.0-cp312-cp312-win_amd64.whl", hash = "sha256:550d389573bc3b895e1ccb18289feea11d937011de4d278b09dc7ed585d1cdcb", size = 2828077 },
    { url = "https://files.pythonhosted.org/packages/3b/54/71fba18e4af5619f1ea8175ee92e82dd8e220bd6feb8c0153c6b814c8a60/numba-0.61.0-cp313-cp313-macosx_10_14_x86_64.whl", hash = "sha256:b96fafbdcf6f69b69855273e988696aae4974115a815f6818fef4af7afa1f6b8", size = 2768024 },
    { url = "https://files.pythonhosted.org/packages/39/76/2448b43d08e904aad1b1b9cd12835b19411e84a81aa9192f83642a5e0afd/numba-0.61.0-cp313-cp313-macosx_11_0_arm64.whl", hash = "sha256:5f6c452dca1de8e60e593f7066df052dd8da09b243566ecd26d2b796e5d3087d", size = 2769541 },
    { url = "https://files.pythonhosted.org/packages/32/8f/4bb2374247ab988c9eac587b304b2947a36d605b9bb9ba4bf06e955c17d3/numba-0.61.0-cp313-cp313-manylinux2014_x86_64.manylinux_2_17_x86_64.whl", hash = "sha256:44240e694d4aa321430c97b21453e46014fe6c7b8b7d932afa7f6a88cc5d7e5e", size = 3890102 },
    { url = "https://files.pythonhosted.org/packages/ab/bc/dc2d03555289ae5263f65c01d45eb186ce347585c191daf0e60021d5ed39/numba-0.61.0-cp313-cp313-manylinux_2_28_aarch64.whl", hash = "sha256:764f0e47004f126f58c3b28e0a02374c420a9d15157b90806d68590f5c20cc89", size = 3580239 },
    { url = "https://files.pythonhosted.org/packages/61/08/71247ce560d2c222d9ca705c7d3547fc4069b96fc85d71aabeb890befe9f/numba-0.61.0-cp313-cp313-win_amd64.whl", hash = "sha256:074cd38c5b1f9c65a4319d1f3928165f48975ef0537ad43385b2bd908e6e2e35", size = 2828035 },
]

[[package]]
name = "numpy"
version = "2.1.3"
source = { registry = "https://pypi.org/simple" }
sdist = { url = "https://files.pythonhosted.org/packages/25/ca/1166b75c21abd1da445b97bf1fa2f14f423c6cfb4fc7c4ef31dccf9f6a94/numpy-2.1.3.tar.gz", hash = "sha256:aa08e04e08aaf974d4458def539dece0d28146d866a39da5639596f4921fd761", size = 20166090 }
wheels = [
    { url = "https://files.pythonhosted.org/packages/ad/81/c8167192eba5247593cd9d305ac236847c2912ff39e11402e72ae28a4985/numpy-2.1.3-cp311-cp311-macosx_10_9_x86_64.whl", hash = "sha256:4d1167c53b93f1f5d8a139a742b3c6f4d429b54e74e6b57d0eff40045187b15d", size = 21156252 },
    { url = "https://files.pythonhosted.org/packages/da/74/5a60003fc3d8a718d830b08b654d0eea2d2db0806bab8f3c2aca7e18e010/numpy-2.1.3-cp311-cp311-macosx_11_0_arm64.whl", hash = "sha256:c80e4a09b3d95b4e1cac08643f1152fa71a0a821a2d4277334c88d54b2219a41", size = 13784119 },
    { url = "https://files.pythonhosted.org/packages/47/7c/864cb966b96fce5e63fcf25e1e4d957fe5725a635e5f11fe03f39dd9d6b5/numpy-2.1.3-cp311-cp311-macosx_14_0_arm64.whl", hash = "sha256:576a1c1d25e9e02ed7fa5477f30a127fe56debd53b8d2c89d5578f9857d03ca9", size = 5352978 },
    { url = "https://files.pythonhosted.org/packages/09/ac/61d07930a4993dd9691a6432de16d93bbe6aa4b1c12a5e573d468eefc1ca/numpy-2.1.3-cp311-cp311-macosx_14_0_x86_64.whl", hash = "sha256:973faafebaae4c0aaa1a1ca1ce02434554d67e628b8d805e61f874b84e136b09", size = 6892570 },
    { url = "https://files.pythonhosted.org/packages/27/2f/21b94664f23af2bb52030653697c685022119e0dc93d6097c3cb45bce5f9/numpy-2.1.3-cp311-cp311-manylinux_2_17_aarch64.manylinux2014_aarch64.whl", hash = "sha256:762479be47a4863e261a840e8e01608d124ee1361e48b96916f38b119cfda04a", size = 13896715 },
    { url = "https://files.pythonhosted.org/packages/7a/f0/80811e836484262b236c684a75dfc4ba0424bc670e765afaa911468d9f39/numpy-2.1.3-cp311-cp311-manylinux_2_17_x86_64.manylinux2014_x86_64.whl", hash = "sha256:bc6f24b3d1ecc1eebfbf5d6051faa49af40b03be1aaa781ebdadcbc090b4539b", size = 16339644 },
    { url = "https://files.pythonhosted.org/packages/fa/81/ce213159a1ed8eb7d88a2a6ef4fbdb9e4ffd0c76b866c350eb4e3c37e640/numpy-2.1.3-cp311-cp311-musllinux_1_1_x86_64.whl", hash = "sha256:17ee83a1f4fef3c94d16dc1802b998668b5419362c8a4f4e8a491de1b41cc3ee", size = 16712217 },
    { url = "https://files.pythonhosted.org/packages/7d/84/4de0b87d5a72f45556b2a8ee9fc8801e8518ec867fc68260c1f5dcb3903f/numpy-2.1.3-cp311-cp311-musllinux_1_2_aarch64.whl", hash = "sha256:15cb89f39fa6d0bdfb600ea24b250e5f1a3df23f901f51c8debaa6a5d122b2f0", size = 14399053 },
    { url = "https://files.pythonhosted.org/packages/7e/1c/e5fabb9ad849f9d798b44458fd12a318d27592d4bc1448e269dec070ff04/numpy-2.1.3-cp311-cp311-win32.whl", hash = "sha256:d9beb777a78c331580705326d2367488d5bc473b49a9bc3036c154832520aca9", size = 6534741 },
    { url = "https://files.pythonhosted.org/packages/1e/48/a9a4b538e28f854bfb62e1dea3c8fea12e90216a276c7777ae5345ff29a7/numpy-2.1.3-cp311-cp311-win_amd64.whl", hash = "sha256:d89dd2b6da69c4fff5e39c28a382199ddedc3a5be5390115608345dec660b9e2", size = 12869487 },
    { url = "https://files.pythonhosted.org/packages/8a/f0/385eb9970309643cbca4fc6eebc8bb16e560de129c91258dfaa18498da8b/numpy-2.1.3-cp312-cp312-macosx_10_13_x86_64.whl", hash = "sha256:f55ba01150f52b1027829b50d70ef1dafd9821ea82905b63936668403c3b471e", size = 20849658 },
    { url = "https://files.pythonhosted.org/packages/54/4a/765b4607f0fecbb239638d610d04ec0a0ded9b4951c56dc68cef79026abf/numpy-2.1.3-cp312-cp312-macosx_11_0_arm64.whl", hash = "sha256:13138eadd4f4da03074851a698ffa7e405f41a0845a6b1ad135b81596e4e9958", size = 13492258 },
    { url = "https://files.pythonhosted.org/packages/bd/a7/2332679479c70b68dccbf4a8eb9c9b5ee383164b161bee9284ac141fbd33/numpy-2.1.3-cp312-cp312-macosx_14_0_arm64.whl", hash = "sha256:a6b46587b14b888e95e4a24d7b13ae91fa22386c199ee7b418f449032b2fa3b8", size = 5090249 },
    { url = "https://files.pythonhosted.org/packages/c1/67/4aa00316b3b981a822c7a239d3a8135be2a6945d1fd11d0efb25d361711a/numpy-2.1.3-cp312-cp312-macosx_14_0_x86_64.whl", hash = "sha256:0fa14563cc46422e99daef53d725d0c326e99e468a9320a240affffe87852564", size = 6621704 },
    { url = "https://files.pythonhosted.org/packages/5e/da/1a429ae58b3b6c364eeec93bf044c532f2ff7b48a52e41050896cf15d5b1/numpy-2.1.3-cp312-cp312-manylinux_2_17_aarch64.manylinux2014_aarch64.whl", hash = "sha256:8637dcd2caa676e475503d1f8fdb327bc495554e10838019651b76d17b98e512", size = 13606089 },
    { url = "https://files.pythonhosted.org/packages/9e/3e/3757f304c704f2f0294a6b8340fcf2be244038be07da4cccf390fa678a9f/numpy-2.1.3-cp312-cp312-manylinux_2_17_x86_64.manylinux2014_x86_64.whl", hash = "sha256:2312b2aa89e1f43ecea6da6ea9a810d06aae08321609d8dc0d0eda6d946a541b", size = 16043185 },
    { url = "https://files.pythonhosted.org/packages/43/97/75329c28fea3113d00c8d2daf9bc5828d58d78ed661d8e05e234f86f0f6d/numpy-2.1.3-cp312-cp312-musllinux_1_1_x86_64.whl", hash = "sha256:a38c19106902bb19351b83802531fea19dee18e5b37b36454f27f11ff956f7fc", size = 16410751 },
    { url = "https://files.pythonhosted.org/packages/ad/7a/442965e98b34e0ae9da319f075b387bcb9a1e0658276cc63adb8c9686f7b/numpy-2.1.3-cp312-cp312-musllinux_1_2_aarch64.whl", hash = "sha256:02135ade8b8a84011cbb67dc44e07c58f28575cf9ecf8ab304e51c05528c19f0", size = 14082705 },
    { url = "https://files.pythonhosted.org/packages/ac/b6/26108cf2cfa5c7e03fb969b595c93131eab4a399762b51ce9ebec2332e80/numpy-2.1.3-cp312-cp312-win32.whl", hash = "sha256:e6988e90fcf617da2b5c78902fe8e668361b43b4fe26dbf2d7b0f8034d4cafb9", size = 6239077 },
    { url = "https://files.pythonhosted.org/packages/a6/84/fa11dad3404b7634aaab50733581ce11e5350383311ea7a7010f464c0170/numpy-2.1.3-cp312-cp312-win_amd64.whl", hash = "sha256:0d30c543f02e84e92c4b1f415b7c6b5326cbe45ee7882b6b77db7195fb971e3a", size = 12566858 },
    { url = "https://files.pythonhosted.org/packages/4d/0b/620591441457e25f3404c8057eb924d04f161244cb8a3680d529419aa86e/numpy-2.1.3-cp313-cp313-macosx_10_13_x86_64.whl", hash = "sha256:96fe52fcdb9345b7cd82ecd34547fca4321f7656d500eca497eb7ea5a926692f", size = 20836263 },
    { url = "https://files.pythonhosted.org/packages/45/e1/210b2d8b31ce9119145433e6ea78046e30771de3fe353f313b2778142f34/numpy-2.1.3-cp313-cp313-macosx_11_0_arm64.whl", hash = "sha256:f653490b33e9c3a4c1c01d41bc2aef08f9475af51146e4a7710c450cf9761598", size = 13507771 },
    { url = "https://files.pythonhosted.org/packages/55/44/aa9ee3caee02fa5a45f2c3b95cafe59c44e4b278fbbf895a93e88b308555/numpy-2.1.3-cp313-cp313-macosx_14_0_arm64.whl", hash = "sha256:dc258a761a16daa791081d026f0ed4399b582712e6fc887a95af09df10c5ca57", size = 5075805 },
    { url = "https://files.pythonhosted.org/packages/78/d6/61de6e7e31915ba4d87bbe1ae859e83e6582ea14c6add07c8f7eefd8488f/numpy-2.1.3-cp313-cp313-macosx_14_0_x86_64.whl", hash = "sha256:016d0f6f5e77b0f0d45d77387ffa4bb89816b57c835580c3ce8e099ef830befe", size = 6608380 },
    { url = "https://files.pythonhosted.org/packages/3e/46/48bdf9b7241e317e6cf94276fe11ba673c06d1fdf115d8b4ebf616affd1a/numpy-2.1.3-cp313-cp313-manylinux_2_17_aarch64.manylinux2014_aarch64.whl", hash = "sha256:c181ba05ce8299c7aa3125c27b9c2167bca4a4445b7ce73d5febc411ca692e43", size = 13602451 },
    { url = "https://files.pythonhosted.org/packages/70/50/73f9a5aa0810cdccda9c1d20be3cbe4a4d6ea6bfd6931464a44c95eef731/numpy-2.1.3-cp313-cp313-manylinux_2_17_x86_64.manylinux2014_x86_64.whl", hash = "sha256:5641516794ca9e5f8a4d17bb45446998c6554704d888f86df9b200e66bdcce56", size = 16039822 },
    { url = "https://files.pythonhosted.org/packages/ad/cd/098bc1d5a5bc5307cfc65ee9369d0ca658ed88fbd7307b0d49fab6ca5fa5/numpy-2.1.3-cp313-cp313-musllinux_1_1_x86_64.whl", hash = "sha256:ea4dedd6e394a9c180b33c2c872b92f7ce0f8e7ad93e9585312b0c5a04777a4a", size = 16411822 },
    { url = "https://files.pythonhosted.org/packages/83/a2/7d4467a2a6d984549053b37945620209e702cf96a8bc658bc04bba13c9e2/numpy-2.1.3-cp313-cp313-musllinux_1_2_aarch64.whl", hash = "sha256:b0df3635b9c8ef48bd3be5f862cf71b0a4716fa0e702155c45067c6b711ddcef", size = 14079598 },
    { url = "https://files.pythonhosted.org/packages/e9/6a/d64514dcecb2ee70bfdfad10c42b76cab657e7ee31944ff7a600f141d9e9/numpy-2.1.3-cp313-cp313-win32.whl", hash = "sha256:50ca6aba6e163363f132b5c101ba078b8cbd3fa92c7865fd7d4d62d9779ac29f", size = 6236021 },
    { url = "https://files.pythonhosted.org/packages/bb/f9/12297ed8d8301a401e7d8eb6b418d32547f1d700ed3c038d325a605421a4/numpy-2.1.3-cp313-cp313-win_amd64.whl", hash = "sha256:747641635d3d44bcb380d950679462fae44f54b131be347d5ec2bce47d3df9ed", size = 12560405 },
    { url = "https://files.pythonhosted.org/packages/a7/45/7f9244cd792e163b334e3a7f02dff1239d2890b6f37ebf9e82cbe17debc0/numpy-2.1.3-cp313-cp313t-macosx_10_13_x86_64.whl", hash = "sha256:996bb9399059c5b82f76b53ff8bb686069c05acc94656bb259b1d63d04a9506f", size = 20859062 },
    { url = "https://files.pythonhosted.org/packages/b1/b4/a084218e7e92b506d634105b13e27a3a6645312b93e1c699cc9025adb0e1/numpy-2.1.3-cp313-cp313t-macosx_11_0_arm64.whl", hash = "sha256:45966d859916ad02b779706bb43b954281db43e185015df6eb3323120188f9e4", size = 13515839 },
    { url = "https://files.pythonhosted.org/packages/27/45/58ed3f88028dcf80e6ea580311dc3edefdd94248f5770deb980500ef85dd/numpy-2.1.3-cp313-cp313t-macosx_14_0_arm64.whl", hash = "sha256:baed7e8d7481bfe0874b566850cb0b85243e982388b7b23348c6db2ee2b2ae8e", size = 5116031 },
    { url = "https://files.pythonhosted.org/packages/37/a8/eb689432eb977d83229094b58b0f53249d2209742f7de529c49d61a124a0/numpy-2.1.3-cp313-cp313t-macosx_14_0_x86_64.whl", hash = "sha256:a9f7f672a3388133335589cfca93ed468509cb7b93ba3105fce780d04a6576a0", size = 6629977 },
    { url = "https://files.pythonhosted.org/packages/42/a3/5355ad51ac73c23334c7caaed01adadfda49544f646fcbfbb4331deb267b/numpy-2.1.3-cp313-cp313t-manylinux_2_17_aarch64.manylinux2014_aarch64.whl", hash = "sha256:d7aac50327da5d208db2eec22eb11e491e3fe13d22653dce51b0f4109101b408", size = 13575951 },
    { url = "https://files.pythonhosted.org/packages/c4/70/ea9646d203104e647988cb7d7279f135257a6b7e3354ea6c56f8bafdb095/numpy-2.1.3-cp313-cp313t-manylinux_2_17_x86_64.manylinux2014_x86_64.whl", hash = "sha256:4394bc0dbd074b7f9b52024832d16e019decebf86caf909d94f6b3f77a8ee3b6", size = 16022655 },
    { url = "https://files.pythonhosted.org/packages/14/ce/7fc0612903e91ff9d0b3f2eda4e18ef9904814afcae5b0f08edb7f637883/numpy-2.1.3-cp313-cp313t-musllinux_1_1_x86_64.whl", hash = "sha256:50d18c4358a0a8a53f12a8ba9d772ab2d460321e6a93d6064fc22443d189853f", size = 16399902 },
    { url = "https://files.pythonhosted.org/packages/ef/62/1d3204313357591c913c32132a28f09a26357e33ea3c4e2fe81269e0dca1/numpy-2.1.3-cp313-cp313t-musllinux_1_2_aarch64.whl", hash = "sha256:14e253bd43fc6b37af4921b10f6add6925878a42a0c5fe83daee390bca80bc17", size = 14067180 },
    { url = "https://files.pythonhosted.org/packages/24/d7/78a40ed1d80e23a774cb8a34ae8a9493ba1b4271dde96e56ccdbab1620ef/numpy-2.1.3-cp313-cp313t-win32.whl", hash = "sha256:08788d27a5fd867a663f6fc753fd7c3ad7e92747efc73c53bca2f19f8bc06f48", size = 6291907 },
    { url = "https://files.pythonhosted.org/packages/86/09/a5ab407bd7f5f5599e6a9261f964ace03a73e7c6928de906981c31c38082/numpy-2.1.3-cp313-cp313t-win_amd64.whl", hash = "sha256:2564fbdf2b99b3f815f2107c1bbc93e2de8ee655a69c261363a1172a79a257d4", size = 12644098 },
]

[[package]]
name = "platformdirs"
version = "4.3.6"
source = { registry = "https://pypi.org/simple" }
sdist = { url = "https://files.pythonhosted.org/packages/13/fc/128cc9cb8f03208bdbf93d3aa862e16d376844a14f9a0ce5cf4507372de4/platformdirs-4.3.6.tar.gz", hash = "sha256:357fb2acbc885b0419afd3ce3ed34564c13c9b95c89360cd9563f73aa5e2b907", size = 21302 }
wheels = [
    { url = "https://files.pythonhosted.org/packages/3c/a6/bc1012356d8ece4d66dd75c4b9fc6c1f6650ddd5991e421177d9f8f671be/platformdirs-4.3.6-py3-none-any.whl", hash = "sha256:73e575e1408ab8103900836b97580d5307456908a03e92031bab39e4554cc3fb", size = 18439 },
]

[[package]]
name = "pyopencl"
version = "2025.1"
source = { registry = "https://pypi.org/simple" }
dependencies = [
    { name = "numpy" },
    { name = "platformdirs" },
    { name = "pytools" },
]
sdist = { url = "https://files.pythonhosted.org/packages/28/88/0ac460d3e2def08b2ad6345db6a13613815f616bbbd60c6f4bdf774f4c41/pyopencl-2025.1.tar.gz", hash = "sha256:0116736d7f7920f87b8db4b66a03f27b1d930d2e37ddd14518407cc22dd24779", size = 422510 }
wheels = [
    { url = "https://files.pythonhosted.org/packages/99/ce/c40c6248b29195397a6e176615c24a8047cdd3afe847932a1f27603c1b14/pyopencl-2025.1-cp311-cp311-macosx_10_14_x86_64.whl", hash = "sha256:a302e4ee1bb19ff244f5ae2b5a83a98977daa13f31929a85f23723020a4bec01", size = 424117 },
    { url = "https://files.pythonhosted.org/packages/71/dd/8dd4e18396c705567be7eda65234932f8eb7e975cc15ae167265ed9c7d20/pyopencl-2025.1-cp311-cp311-macosx_11_0_arm64.whl", hash = "sha256:48527fc5a250b9e89f2eaaa1c9423e1bc15ff181bd41ffa1e29e31890dc1d3b7", size = 408327 },
    { url = "https://files.pythonhosted.org/packages/47/7b/270c4e6765b675eaa97af8ff0c964e21dc74ac2a2f04e2c24431c91ce382/pyopencl-2025.1-cp311-cp311-manylinux_2_17_x86_64.manylinux2014_x86_64.whl", hash = "sha256:95490199c490e47b245b88e64e06f95272502d13810da172ac3b0f0340cf8715", size = 724636 },
    { url = "https://files.pythonhosted.org/packages/0d/55/996d7877793acfc340678a71dc98151a8c39dbb289cf24ecae08c0af68eb/pyopencl-2025.1-cp311-cp311-musllinux_1_2_x86_64.whl", hash = "sha256:cd2cb3c031beeec93cf660c8809d6ad58a2cde7dcd95ae12b4b2da6ac8e2da41", size = 1173429 },
    { url = "https://files.pythonhosted.org/packages/3d/7c/d2a89b1c24c318375856e8b7611bc03ddf687134f68ddbb387496453eda8/pyopencl-2025.1-cp311-cp311-win_amd64.whl", hash = "sha256:d8d3cdb02dc8750a9cc11c5b37f219da1f61b4216af4a830eb52b451a0e9f9a7", size = 457877 },
    { url = "https://files.pythonhosted.org/packages/02/c0/d9536211ecfddd3bdf7eaa1658d085fcd92120061ac6f4e662a5062660ff/pyopencl-2025.1-cp312-cp312-macosx_10_14_x86_64.whl", hash = "sha256:88c564d94a5067ab6b9429a7d92b655254da8b2b5a33c7e30e10c5a0cf3154e1", size = 425706 },
    { url = "https://files.pythonhosted.org/packages/63/b9/3e6dd574cc9ffb2271be135ecdb36cd6aea70a1f74e80539b048072a256a/pyopencl-2025.1-cp312-cp312-macosx_11_0_arm64.whl", hash = "sha256:f204cd6974ca19e7ffe14f21afac9967b06a6718f3aecbbc4a4df313e8e7ebc2", size = 408163 },
    { url = "https://files.pythonhosted.org/packages/a4/4d/7f6f2e24b12585b81fd49f689d21ba62187656d061e3cb43840f12097dad/pyopencl-2025.1-cp312-cp312-manylinux_2_17_x86_64.manylinux2014_x86_64.whl", hash = "sha256:dce8d1b3fd2046e89377b754117fdb3505f45edacfda6ad2b3a29670c0526ad1", size = 719348 },
    { url = "https://files.pythonhosted.org/packages/f0/45/3c93510819859e047d494dd8f4ed80c26378bb964a8e5e850cc079cc1f6e/pyopencl-2025.1-cp312-cp312-musllinux_1_2_x86_64.whl", hash = "sha256:fbb0b7b775424f0c4c929a00f09eb351075ea9e4d2b1c80afe37d09bec218ee9", size = 1170733 },
    { url = "https://files.pythonhosted.org/packages/91/ba/b745715085ef893fa7d1c7e04c95e3e554b6b27b2fb0800d6bbca563b43c/pyopencl-2025.1-cp312-cp312-win_amd64.whl", hash = "sha256:78f2a58d2e177793fb5a7b9c8a574e3a5f1d178c4df713969d1b08341c817d60", size = 457762 },
    { url = "https://files.pythonhosted.org/packages/d0/70/92b2e3be4f2b7b5f891d95ae5acddb837a4127a2ed9fa0c94cd03d2487f8/pyopencl-2025.1-cp313-cp313-macosx_10_14_x86_64.whl", hash = "sha256:3df5d75a4952ec7b5c9c7bab99e5e3e38a9bb17b996a2782b2a4d38f0b551682", size = 425714 },
    { url = "https://files.pythonhosted.org/packages/8d/16/601abeac89c40fe10bc919ff67bea4ac8c4facc84069080bef0565a6fcb2/pyopencl-2025.1-cp313-cp313-macosx_11_0_arm64.whl", hash = "sha256:5be8cf06459ee829b16465ec97ced117c86f3f058379e507d78f6ce012b10bb4", size = 408171 },
    { url = "https://files.pythonhosted.org/packages/7a/81/d16a4f69284dcde76006840904e269cbca4ee19ec5cbb3ab0ad32bdf1442/pyopencl-2025.1-cp313-cp313-manylinux_2_17_x86_64.manylinux2014_x86_64.whl", hash = "sha256:5c4e5b5a28f7d398cca04e7b389e607daad4a36d18879cf59add541a67b72406", size = 719329 },
    { url = "https://files.pythonhosted.org/packages/92/79/246d06f7edee547e64a5d195768c7e58c23a5a15500b92c69aee9bfda9b8/pyopencl-2025.1-cp313-cp313-musllinux_1_2_x86_64.whl", hash = "sha256:7e001ca6f096f875a952422ba96dc003cc2d7464532a77282923f3bf6bc0004a", size = 1170744 },
    { url = "https://files.pythonhosted.org/packages/ce/f3/0204a068f7581c45824906b3cc4a9dbb19090f95374f1c08dc2c29544826/pyopencl-2025.1-cp313-cp313-win_amd64.whl", hash = "sha256:17d0a75ac0601db6de3d41ee3063474245ef47e57da53c074d67f9196aab1396", size = 457775 },
]

[[package]]
name = "python-template"
version = "0.1.0"
source = { virtual = "." }
dependencies = [
    { name = "numba" },
    { name = "numpy" },
    { name = "pyopencl" },
]

[package.metadata]
requires-dist = [
    { name = "numba", specifier = ">=0.61.0" },
    { name = "numpy", specifier = ">=2.1.3" },
    { name = "pyopencl", specifier = ">=2025.1" },
]

[[package]]
name = "pytools"
version = "2025.1.1"
source = { registry = "https://pypi.org/simple" }
dependencies = [
    { name = "platformdirs" },
    { name = "typing-extensions" },
]
sdist = { url = "https://files.pythonhosted.org/packages/dc/d7/727cc3ef1ad0dc0d304bb1cf8c704a95bd7b8f3ef8632356672c826e8869/pytools-2025.1.1.tar.gz", hash = "sha256:80f8e3f3f7756d0c9bd579879c3528d54e422843b50a288a9c3b6ba3e0eac28b", size = 80186 }
wheels = [
    { url = "https://files.pythonhosted.org/packages/2d/74/1c1cf32f670880a1735c1b67fa1f9e959e2a7c579bf54549034304006359/pytools-2025.1.1-py3-none-any.whl", hash = "sha256:87d58b0529fe1542910b4cb54a70295a7ed9d810afd89df5540ee8cca7ff3a70", size = 92787 },
]

[[package]]
name = "typing-extensions"
version = "4.12.2"
source = { registry = "https://pypi.org/simple" }
sdist = { url = "https://files.pythonhosted.org/packages/df/db/f35a00659bc03fec321ba8bce9420de607a1d37f8342eee1863174c69557/typing_extensions-4.12.2.tar.gz", hash = "sha256:1a7ead55c7e559dd4dee8856e3a88b41225abfe1ce8df57b7c13915fe121ffb8", size = 85321 }
wheels = [
    { url = "https://files.pythonhosted.org/packages/26/9f/ad63fc0248c5379346306f8668cda6e2e2e9c95e01216d2b8ffd9ff037d0/typing_extensions-4.12.2-py3-none-any.whl", hash = "sha256:04e5ca0351e0f3f85c6853954072df659d0d13fac324d0072316b67d7794700d", size = 37438 },
]
